// !$*UTF8*$!
{
	archiveVersion = 1;
	classes = {
	};
	objectVersion = 56;
	objects = {

/* Begin PBXBuildFile section */
		FB5934052D432DBD00AF9DD3 /* LOGIN_2App.swift in Sources */ = {isa = PBXBuildFile; fileRef = FB5934042D432DBD00AF9DD3 /* LOGIN_2App.swift */; };
		FB5934072D432DBD00AF9DD3 /* ContentView.swift in Sources */ = {isa = PBXBuildFile; fileRef = FB5934062D432DBD00AF9DD3 /* ContentView.swift */; };
		FB5934092D432DBF00AF9DD3 /* Assets.xcassets in Resources */ = {isa = PBXBuildFile; fileRef = FB5934082D432DBF00AF9DD3 /* Assets.xcassets */; };
		FB59340C2D432DBF00AF9DD3 /* Preview Assets.xcassets in Resources */ = {isa = PBXBuildFile; fileRef = FB59340B2D432DBF00AF9DD3 /* Preview Assets.xcassets */; };
		FB5934162D432DBF00AF9DD3 /* LOGIN_2Tests.swift in Sources */ = {isa = PBXBuildFile; fileRef = FB5934152D432DBF00AF9DD3 /* LOGIN_2Tests.swift */; };
		FB5934202D432DBF00AF9DD3 /* LOGIN_2UITests.swift in Sources */ = {isa = PBXBuildFile; fileRef = FB59341F2D432DBF00AF9DD3 /* LOGIN_2UITests.swift */; };
		FB5934222D432DBF00AF9DD3 /* LOGIN_2UITestsLaunchTests.swift in Sources */ = {isa = PBXBuildFile; fileRef = FB5934212D432DBF00AF9DD3 /* LOGIN_2UITestsLaunchTests.swift */; };
/* End PBXBuildFile section */

/* Begin PBXContainerItemProxy section */
		FB5934122D432DBF00AF9DD3 /* PBXContainerItemProxy */ = {
			isa = PBXContainerItemProxy;
			containerPortal = FB5933F92D432DBD00AF9DD3 /* Project object */;
			proxyType = 1;
			remoteGlobalIDString = FB5934002D432DBD00AF9DD3;
			remoteInfo = "LOGIN 2";
		};
		FB59341C2D432DBF00AF9DD3 /* PBXContainerItemProxy */ = {
			isa = PBXContainerItemProxy;
			containerPortal = FB5933F92D432DBD00AF9DD3 /* Project object */;
			proxyType = 1;
			remoteGlobalIDString = FB5934002D432DBD00AF9DD3;
			remoteInfo = "LOGIN 2";
		};
/* End PBXContainerItemProxy section */

/* Begin PBXFileReference section */
		FB5934012D432DBD00AF9DD3 /* LOGIN 2.app */ = {isa = PBXFileReference; explicitFileType = wrapper.application; includeInIndex = 0; path = "LOGIN 2.app"; sourceTree = BUILT_PRODUCTS_DIR; };
		FB5934042D432DBD00AF9DD3 /* LOGIN_2App.swift */ = {isa = PBXFileReference; lastKnownFileType = sourcecode.swift; path = LOGIN_2App.swift; sourceTree = "<group>"; };
		FB5934062D432DBD00AF9DD3 /* ContentView.swift */ = {isa = PBXFileReference; lastKnownFileType = sourcecode.swift; path = ContentView.swift; sourceTree = "<group>"; };
		FB5934082D432DBF00AF9DD3 /* Assets.xcassets */ = {isa = PBXFileReference; lastKnownFileType = folder.assetcatalog; path = Assets.xcassets; sourceTree = "<group>"; };
		FB59340B2D432DBF00AF9DD3 /* Preview Assets.xcassets */ = {isa = PBXFileReference; lastKnownFileType = folder.assetcatalog; path = "Preview Assets.xcassets"; sourceTree = "<group>"; };
		FB5934112D432DBF00AF9DD3 /* LOGIN 2Tests.xctest */ = {isa = PBXFileReference; explicitFileType = wrapper.cfbundle; includeInIndex = 0; path = "LOGIN 2Tests.xctest"; sourceTree = BUILT_PRODUCTS_DIR; };
		FB5934152D432DBF00AF9DD3 /* LOGIN_2Tests.swift */ = {isa = PBXFileReference; lastKnownFileType = sourcecode.swift; path = LOGIN_2Tests.swift; sourceTree = "<group>"; };
		FB59341B2D432DBF00AF9DD3 /* LOGIN 2UITests.xctest */ = {isa = PBXFileReference; explicitFileType = wrapper.cfbundle; includeInIndex = 0; path = "LOGIN 2UITests.xctest"; sourceTree = BUILT_PRODUCTS_DIR; };
		FB59341F2D432DBF00AF9DD3 /* LOGIN_2UITests.swift */ = {isa = PBXFileReference; lastKnownFileType = sourcecode.swift; path = LOGIN_2UITests.swift; sourceTree = "<group>"; };
		FB5934212D432DBF00AF9DD3 /* LOGIN_2UITestsLaunchTests.swift */ = {isa = PBXFileReference; lastKnownFileType = sourcecode.swift; path = LOGIN_2UITestsLaunchTests.swift; sourceTree = "<group>"; };
/* End PBXFileReference section */

/* Begin PBXFrameworksBuildPhase section */
		FB5933FE2D432DBD00AF9DD3 /* Frameworks */ = {
			isa = PBXFrameworksBuildPhase;
			buildActionMask = 2147483647;
			files = (
			);
			runOnlyForDeploymentPostprocessing = 0;
		};
		FB59340E2D432DBF00AF9DD3 /* Frameworks */ = {
			isa = PBXFrameworksBuildPhase;
			buildActionMask = 2147483647;
			files = (
			);
			runOnlyForDeploymentPostprocessing = 0;
		};
		FB5934182D432DBF00AF9DD3 /* Frameworks */ = {
			isa = PBXFrameworksBuildPhase;
			buildActionMask = 2147483647;
			files = (
			);
			runOnlyForDeploymentPostprocessing = 0;
		};
/* End PBXFrameworksBuildPhase section */

/* Begin PBXGroup section */
		FB5933F82D432DBD00AF9DD3 = {
			isa = PBXGroup;
			children = (
				FB5934032D432DBD00AF9DD3 /* LOGIN 2 */,
				FB5934142D432DBF00AF9DD3 /* LOGIN 2Tests */,
				FB59341E2D432DBF00AF9DD3 /* LOGIN 2UITests */,
				FB5934022D432DBD00AF9DD3 /* Products */,
			);
			sourceTree = "<group>";
		};
		FB5934022D432DBD00AF9DD3 /* Products */ = {
			isa = PBXGroup;
			children = (
				FB5934012D432DBD00AF9DD3 /* LOGIN 2.app */,
				FB5934112D432DBF00AF9DD3 /* LOGIN 2Tests.xctest */,
				FB59341B2D432DBF00AF9DD3 /* LOGIN 2UITests.xctest */,
			);
			name = Products;
			sourceTree = "<group>";
		};
		FB5934032D432DBD00AF9DD3 /* LOGIN 2 */ = {
			isa = PBXGroup;
			children = (
				FB5934042D432DBD00AF9DD3 /* LOGIN_2App.swift */,
				FB5934062D432DBD00AF9DD3 /* ContentView.swift */,
				FB5934082D432DBF00AF9DD3 /* Assets.xcassets */,
				FB59340A2D432DBF00AF9DD3 /* Preview Content */,
			);
			path = "LOGIN 2";
			sourceTree = "<group>";
		};
		FB59340A2D432DBF00AF9DD3 /* Preview Content */ = {
			isa = PBXGroup;
			children = (
				FB59340B2D432DBF00AF9DD3 /* Preview Assets.xcassets */,
			);
			path = "Preview Content";
			sourceTree = "<group>";
		};
		FB5934142D432DBF00AF9DD3 /* LOGIN 2Tests */ = {
			isa = PBXGroup;
			children = (
				FB5934152D432DBF00AF9DD3 /* LOGIN_2Tests.swift */,
			);
			path = "LOGIN 2Tests";
			sourceTree = "<group>";
		};
		FB59341E2D432DBF00AF9DD3 /* LOGIN 2UITests */ = {
			isa = PBXGroup;
			children = (
				FB59341F2D432DBF00AF9DD3 /* LOGIN_2UITests.swift */,
				FB5934212D432DBF00AF9DD3 /* LOGIN_2UITestsLaunchTests.swift */,
			);
			path = "LOGIN 2UITests";
			sourceTree = "<group>";
		};
/* End PBXGroup section */

/* Begin PBXNativeTarget section */
		FB5934002D432DBD00AF9DD3 /* LOGIN 2 */ = {
			isa = PBXNativeTarget;
			buildConfigurationList = FB5934252D432DBF00AF9DD3 /* Build configuration list for PBXNativeTarget "LOGIN 2" */;
			buildPhases = (
				FB5933FD2D432DBD00AF9DD3 /* Sources */,
				FB5933FE2D432DBD00AF9DD3 /* Frameworks */,
				FB5933FF2D432DBD00AF9DD3 /* Resources */,
			);
			buildRules = (
			);
			dependencies = (
			);
			name = "LOGIN 2";
			productName = "LOGIN 2";
			productReference = FB5934012D432DBD00AF9DD3 /* LOGIN 2.app */;
			productType = "com.apple.product-type.application";
		};
		FB5934102D432DBF00AF9DD3 /* LOGIN 2Tests */ = {
			isa = PBXNativeTarget;
			buildConfigurationList = FB5934282D432DBF00AF9DD3 /* Build configuration list for PBXNativeTarget "LOGIN 2Tests" */;
			buildPhases = (
				FB59340D2D432DBF00AF9DD3 /* Sources */,
				FB59340E2D432DBF00AF9DD3 /* Frameworks */,
				FB59340F2D432DBF00AF9DD3 /* Resources */,
			);
			buildRules = (
			);
			dependencies = (
				FB5934132D432DBF00AF9DD3 /* PBXTargetDependency */,
			);
			name = "LOGIN 2Tests";
			productName = "LOGIN 2Tests";
			productReference = FB5934112D432DBF00AF9DD3 /* LOGIN 2Tests.xctest */;
			productType = "com.apple.product-type.bundle.unit-test";
		};
		FB59341A2D432DBF00AF9DD3 /* LOGIN 2UITests */ = {
			isa = PBXNativeTarget;
			buildConfigurationList = FB59342B2D432DBF00AF9DD3 /* Build configuration list for PBXNativeTarget "LOGIN 2UITests" */;
			buildPhases = (
				FB5934172D432DBF00AF9DD3 /* Sources */,
				FB5934182D432DBF00AF9DD3 /* Frameworks */,
				FB5934192D432DBF00AF9DD3 /* Resources */,
			);
			buildRules = (
			);
			dependencies = (
				FB59341D2D432DBF00AF9DD3 /* PBXTargetDependency */,
			);
			name = "LOGIN 2UITests";
			productName = "LOGIN 2UITests";
			productReference = FB59341B2D432DBF00AF9DD3 /* LOGIN 2UITests.xctest */;
			productType = "com.apple.product-type.bundle.ui-testing";
		};
/* End PBXNativeTarget section */

/* Begin PBXProject section */
		FB5933F92D432DBD00AF9DD3 /* Project object */ = {
			isa = PBXProject;
			attributes = {
				BuildIndependentTargetsInParallel = 1;
				LastSwiftUpdateCheck = 1500;
				LastUpgradeCheck = 1500;
				TargetAttributes = {
					FB5934002D432DBD00AF9DD3 = {
						CreatedOnToolsVersion = 15.0.1;
					};
					FB5934102D432DBF00AF9DD3 = {
						CreatedOnToolsVersion = 15.0.1;
						TestTargetID = FB5934002D432DBD00AF9DD3;
					};
					FB59341A2D432DBF00AF9DD3 = {
						CreatedOnToolsVersion = 15.0.1;
						TestTargetID = FB5934002D432DBD00AF9DD3;
					};
				};
			};
			buildConfigurationList = FB5933FC2D432DBD00AF9DD3 /* Build configuration list for PBXProject "LOGIN 2" */;
			compatibilityVersion = "Xcode 14.0";
			developmentRegion = en;
			hasScannedForEncodings = 0;
			knownRegions = (
				en,
				Base,
			);
			mainGroup = FB5933F82D432DBD00AF9DD3;
			productRefGroup = FB5934022D432DBD00AF9DD3 /* Products */;
			projectDirPath = "";
			projectRoot = "";
			targets = (
				FB5934002D432DBD00AF9DD3 /* LOGIN 2 */,
				FB5934102D432DBF00AF9DD3 /* LOGIN 2Tests */,
				FB59341A2D432DBF00AF9DD3 /* LOGIN 2UITests */,
			);
		};
/* End PBXProject section */

/* Begin PBXResourcesBuildPhase section */
		FB5933FF2D432DBD00AF9DD3 /* Resources */ = {
			isa = PBXResourcesBuildPhase;
			buildActionMask = 2147483647;
			files = (
				FB59340C2D432DBF00AF9DD3 /* Preview Assets.xcassets in Resources */,
				FB5934092D432DBF00AF9DD3 /* Assets.xcassets in Resources */,
			);
			runOnlyForDeploymentPostprocessing = 0;
		};
		FB59340F2D432DBF00AF9DD3 /* Resources */ = {
			isa = PBXResourcesBuildPhase;
			buildActionMask = 2147483647;
			files = (
			);
			runOnlyForDeploymentPostprocessing = 0;
		};
		FB5934192D432DBF00AF9DD3 /* Resources */ = {
			isa = PBXResourcesBuildPhase;
			buildActionMask = 2147483647;
			files = (
			);
			runOnlyForDeploymentPostprocessing = 0;
		};
/* End PBXResourcesBuildPhase section */

/* Begin PBXSourcesBuildPhase section */
		FB5933FD2D432DBD00AF9DD3 /* Sources */ = {
			isa = PBXSourcesBuildPhase;
			buildActionMask = 2147483647;
			files = (
				FB5934072D432DBD00AF9DD3 /* ContentView.swift in Sources */,
				FB5934052D432DBD00AF9DD3 /* LOGIN_2App.swift in Sources */,
			);
			runOnlyForDeploymentPostprocessing = 0;
		};
		FB59340D2D432DBF00AF9DD3 /* Sources */ = {
			isa = PBXSourcesBuildPhase;
			buildActionMask = 2147483647;
			files = (
				FB5934162D432DBF00AF9DD3 /* LOGIN_2Tests.swift in Sources */,
			);
			runOnlyForDeploymentPostprocessing = 0;
		};
		FB5934172D432DBF00AF9DD3 /* Sources */ = {
			isa = PBXSourcesBuildPhase;
			buildActionMask = 2147483647;
			files = (
				FB5934202D432DBF00AF9DD3 /* LOGIN_2UITests.swift in Sources */,
				FB5934222D432DBF00AF9DD3 /* LOGIN_2UITestsLaunchTests.swift in Sources */,
			);
			runOnlyForDeploymentPostprocessing = 0;
		};
/* End PBXSourcesBuildPhase section */

/* Begin PBXTargetDependency section */
		FB5934132D432DBF00AF9DD3 /* PBXTargetDependency */ = {
			isa = PBXTargetDependency;
			target = FB5934002D432DBD00AF9DD3 /* LOGIN 2 */;
			targetProxy = FB5934122D432DBF00AF9DD3 /* PBXContainerItemProxy */;
		};
		FB59341D2D432DBF00AF9DD3 /* PBXTargetDependency */ = {
			isa = PBXTargetDependency;
			target = FB5934002D432DBD00AF9DD3 /* LOGIN 2 */;
			targetProxy = FB59341C2D432DBF00AF9DD3 /* PBXContainerItemProxy */;
		};
/* End PBXTargetDependency section */

/* Begin XCBuildConfiguration section */
		FB5934232D432DBF00AF9DD3 /* Debug */ = {
			isa = XCBuildConfiguration;
			buildSettings = {
				ALWAYS_SEARCH_USER_PATHS = NO;
				ASSETCATALOG_COMPILER_GENERATE_SWIFT_ASSET_SYMBOL_EXTENSIONS = YES;
				CLANG_ANALYZER_NONNULL = YES;
				CLANG_ANALYZER_NUMBER_OBJECT_CONVERSION = YES_AGGRESSIVE;
				CLANG_CXX_LANGUAGE_STANDARD = "gnu++20";
				CLANG_ENABLE_MODULES = YES;
				CLANG_ENABLE_OBJC_ARC = YES;
				CLANG_ENABLE_OBJC_WEAK = YES;
				CLANG_WARN_BLOCK_CAPTURE_AUTORELEASING = YES;
				CLANG_WARN_BOOL_CONVERSION = YES;
				CLANG_WARN_COMMA = YES;
				CLANG_WARN_CONSTANT_CONVERSION = YES;
				CLANG_WARN_DEPRECATED_OBJC_IMPLEMENTATIONS = YES;
				CLANG_WARN_DIRECT_OBJC_ISA_USAGE = YES_ERROR;
				CLANG_WARN_DOCUMENTATION_COMMENTS = YES;
				CLANG_WARN_EMPTY_BODY = YES;
				CLANG_WARN_ENUM_CONVERSION = YES;
				CLANG_WARN_INFINITE_RECURSION = YES;
				CLANG_WARN_INT_CONVERSION = YES;
				CLANG_WARN_NON_LITERAL_NULL_CONVERSION = YES;
				CLANG_WARN_OBJC_IMPLICIT_RETAIN_SELF = YES;
				CLANG_WARN_OBJC_LITERAL_CONVERSION = YES;
				CLANG_WARN_OBJC_ROOT_CLASS = YES_ERROR;
				CLANG_WARN_QUOTED_INCLUDE_IN_FRAMEWORK_HEADER = YES;
				CLANG_WARN_RANGE_LOOP_ANALYSIS = YES;
				CLANG_WARN_STRICT_PROTOTYPES = YES;
				CLANG_WARN_SUSPICIOUS_MOVE = YES;
				CLANG_WARN_UNGUARDED_AVAILABILITY = YES_AGGRESSIVE;
				CLANG_WARN_UNREACHABLE_CODE = YES;
				CLANG_WARN__DUPLICATE_METHOD_MATCH = YES;
				COPY_PHASE_STRIP = NO;
				DEBUG_INFORMATION_FORMAT = dwarf;
				ENABLE_STRICT_OBJC_MSGSEND = YES;
				ENABLE_TESTABILITY = YES;
				ENABLE_USER_SCRIPT_SANDBOXING = YES;
				GCC_C_LANGUAGE_STANDARD = gnu17;
				GCC_DYNAMIC_NO_PIC = NO;
				GCC_NO_COMMON_BLOCKS = YES;
				GCC_OPTIMIZATION_LEVEL = 0;
				GCC_PREPROCESSOR_DEFINITIONS = (
					"DEBUG=1",
					"$(inherited)",
				);
				GCC_WARN_64_TO_32_BIT_CONVERSION = YES;
				GCC_WARN_ABOUT_RETURN_TYPE = YES_ERROR;
				GCC_WARN_UNDECLARED_SELECTOR = YES;
				GCC_WARN_UNINITIALIZED_AUTOS = YES_AGGRESSIVE;
				GCC_WARN_UNUSED_FUNCTION = YES;
				GCC_WARN_UNUSED_VARIABLE = YES;
				IPHONEOS_DEPLOYMENT_TARGET = 17.0;
				LOCALIZATION_PREFERS_STRING_CATALOGS = YES;
				MTL_ENABLE_DEBUG_INFO = INCLUDE_SOURCE;
				MTL_FAST_MATH = YES;
				ONLY_ACTIVE_ARCH = YES;
				SDKROOT = iphoneos;
				SWIFT_ACTIVE_COMPILATION_CONDITIONS = "DEBUG $(inherited)";
				SWIFT_OPTIMIZATION_LEVEL = "-Onone";
			};
			name = Debug;
		};
		FB5934242D432DBF00AF9DD3 /* Release */ = {
			isa = XCBuildConfiguration;
			buildSettings = {
				ALWAYS_SEARCH_USER_PATHS = NO;
				ASSETCATALOG_COMPILER_GENERATE_SWIFT_ASSET_SYMBOL_EXTENSIONS = YES;
				CLANG_ANALYZER_NONNULL = YES;
				CLANG_ANALYZER_NUMBER_OBJECT_CONVERSION = YES_AGGRESSIVE;
				CLANG_CXX_LANGUAGE_STANDARD = "gnu++20";
				CLANG_ENABLE_MODULES = YES;
				CLANG_ENABLE_OBJC_ARC = YES;
				CLANG_ENABLE_OBJC_WEAK = YES;
				CLANG_WARN_BLOCK_CAPTURE_AUTORELEASING = YES;
				CLANG_WARN_BOOL_CONVERSION = YES;
				CLANG_WARN_COMMA = YES;
				CLANG_WARN_CONSTANT_CONVERSION = YES;
				CLANG_WARN_DEPRECATED_OBJC_IMPLEMENTATIONS = YES;
				CLANG_WARN_DIRECT_OBJC_ISA_USAGE = YES_ERROR;
				CLANG_WARN_DOCUMENTATION_COMMENTS = YES;
				CLANG_WARN_EMPTY_BODY = YES;
				CLANG_WARN_ENUM_CONVERSION = YES;
				CLANG_WARN_INFINITE_RECURSION = YES;
				CLANG_WARN_INT_CONVERSION = YES;
				CLANG_WARN_NON_LITERAL_NULL_CONVERSION = YES;
				CLANG_WARN_OBJC_IMPLICIT_RETAIN_SELF = YES;
				CLANG_WARN_OBJC_LITERAL_CONVERSION = YES;
				CLANG_WARN_OBJC_ROOT_CLASS = YES_ERROR;
				CLANG_WARN_QUOTED_INCLUDE_IN_FRAMEWORK_HEADER = YES;
				CLANG_WARN_RANGE_LOOP_ANALYSIS = YES;
				CLANG_WARN_STRICT_PROTOTYPES = YES;
				CLANG_WARN_SUSPICIOUS_MOVE = YES;
				CLANG_WARN_UNGUARDED_AVAILABILITY = YES_AGGRESSIVE;
				CLANG_WARN_UNREACHABLE_CODE = YES;
				CLANG_WARN__DUPLICATE_METHOD_MATCH = YES;
				COPY_PHASE_STRIP = NO;
				DEBUG_INFORMATION_FORMAT = "dwarf-with-dsym";
				ENABLE_NS_ASSERTIONS = NO;
				ENABLE_STRICT_OBJC_MSGSEND = YES;
				ENABLE_USER_SCRIPT_SANDBOXING = YES;
				GCC_C_LANGUAGE_STANDARD = gnu17;
				GCC_NO_COMMON_BLOCKS = YES;
				GCC_WARN_64_TO_32_BIT_CONVERSION = YES;
				GCC_WARN_ABOUT_RETURN_TYPE = YES_ERROR;
				GCC_WARN_UNDECLARED_SELECTOR = YES;
				GCC_WARN_UNINITIALIZED_AUTOS = YES_AGGRESSIVE;
				GCC_WARN_UNUSED_FUNCTION = YES;
				GCC_WARN_UNUSED_VARIABLE = YES;
				IPHONEOS_DEPLOYMENT_TARGET = 17.0;
				LOCALIZATION_PREFERS_STRING_CATALOGS = YES;
				MTL_ENABLE_DEBUG_INFO = NO;
				MTL_FAST_MATH = YES;
				SDKROOT = iphoneos;
				SWIFT_COMPILATION_MODE = wholemodule;
				VALIDATE_PRODUCT = YES;
			};
			name = Release;
		};
		FB5934262D432DBF00AF9DD3 /* Debug */ = {
			isa = XCBuildConfiguration;
			buildSettings = {
				ASSETCATALOG_COMPILER_APPICON_NAME = AppIcon;
				ASSETCATALOG_COMPILER_GLOBAL_ACCENT_COLOR_NAME = AccentColor;
				CODE_SIGN_STYLE = Automatic;
				CURRENT_PROJECT_VERSION = 1;
				DEVELOPMENT_ASSET_PATHS = "\"LOGIN 2/Preview Content\"";
				ENABLE_PREVIEWS = YES;
				GENERATE_INFOPLIST_FILE = YES;
				INFOPLIST_KEY_UIApplicationSceneManifest_Generation = YES;
				INFOPLIST_KEY_UIApplicationSupportsIndirectInputEvents = YES;
				INFOPLIST_KEY_UILaunchScreen_Generation = YES;
				INFOPLIST_KEY_UISupportedInterfaceOrientations_iPad = "UIInterfaceOrientationPortrait UIInterfaceOrientationPortraitUpsideDown UIInterfaceOrientationLandscapeLeft UIInterfaceOrientationLandscapeRight";
				INFOPLIST_KEY_UISupportedInterfaceOrientations_iPhone = "UIInterfaceOrientationPortrait UIInterfaceOrientationLandscapeLeft UIInterfaceOrientationLandscapeRight";
				LD_RUNPATH_SEARCH_PATHS = (
					"$(inherited)",
					"@executable_path/Frameworks",
				);
				MARKETING_VERSION = 1.0;
				PRODUCT_BUNDLE_IDENTIFIER = "tecmilenio.LOGIN-2";
				PRODUCT_NAME = "$(TARGET_NAME)";
				SWIFT_EMIT_LOC_STRINGS = YES;
				SWIFT_VERSION = 5.0;
				TARGETED_DEVICE_FAMILY = "1,2";
			};
			name = Debug;
		};
		FB5934272D432DBF00AF9DD3 /* Release */ = {
			isa = XCBuildConfiguration;
			buildSettings = {
				ASSETCATALOG_COMPILER_APPICON_NAME = AppIcon;
				ASSETCATALOG_COMPILER_GLOBAL_ACCENT_COLOR_NAME = AccentColor;
				CODE_SIGN_STYLE = Automatic;
				CURRENT_PROJECT_VERSION = 1;
				DEVELOPMENT_ASSET_PATHS = "\"LOGIN 2/Preview Content\"";
				ENABLE_PREVIEWS = YES;
				GENERATE_INFOPLIST_FILE = YES;
				INFOPLIST_KEY_UIApplicationSceneManifest_Generation = YES;
				INFOPLIST_KEY_UIApplicationSupportsIndirectInputEvents = YES;
				INFOPLIST_KEY_UILaunchScreen_Generation = YES;
				INFOPLIST_KEY_UISupportedInterfaceOrientations_iPad = "UIInterfaceOrientationPortrait UIInterfaceOrientationPortraitUpsideDown UIInterfaceOrientationLandscapeLeft UIInterfaceOrientationLandscapeRight";
				INFOPLIST_KEY_UISupportedInterfaceOrientations_iPhone = "UIInterfaceOrientationPortrait UIInterfaceOrientationLandscapeLeft UIInterfaceOrientationLandscapeRight";
				LD_RUNPATH_SEARCH_PATHS = (
					"$(inherited)",
					"@executable_path/Frameworks",
				);
				MARKETING_VERSION = 1.0;
				PRODUCT_BUNDLE_IDENTIFIER = "tecmilenio.LOGIN-2";
				PRODUCT_NAME = "$(TARGET_NAME)";
				SWIFT_EMIT_LOC_STRINGS = YES;
				SWIFT_VERSION = 5.0;
				TARGETED_DEVICE_FAMILY = "1,2";
			};
			name = Release;
		};
		FB5934292D432DBF00AF9DD3 /* Debug */ = {
			isa = XCBuildConfiguration;
			buildSettings = {
				ALWAYS_EMBED_SWIFT_STANDARD_LIBRARIES = YES;
				BUNDLE_LOADER = "$(TEST_HOST)";
				CODE_SIGN_STYLE = Automatic;
				CURRENT_PROJECT_VERSION = 1;
				GENERATE_INFOPLIST_FILE = YES;
				IPHONEOS_DEPLOYMENT_TARGET = 17.0;
				MARKETING_VERSION = 1.0;
				PRODUCT_BUNDLE_IDENTIFIER = "tecmilenio.LOGIN-2Tests";
				PRODUCT_NAME = "$(TARGET_NAME)";
				SWIFT_EMIT_LOC_STRINGS = NO;
				SWIFT_VERSION = 5.0;
				TARGETED_DEVICE_FAMILY = "1,2";
				TEST_HOST = "$(BUILT_PRODUCTS_DIR)/LOGIN 2.app/$(BUNDLE_EXECUTABLE_FOLDER_PATH)/LOGIN 2";
			};
			name = Debug;
		};
		FB59342A2D432DBF00AF9DD3 /* Release */ = {
			isa = XCBuildConfiguration;
			buildSettings = {
				ALWAYS_EMBED_SWIFT_STANDARD_LIBRARIES = YES;
				BUNDLE_LOADER = "$(TEST_HOST)";
				CODE_SIGN_STYLE = Automatic;
				CURRENT_PROJECT_VERSION = 1;
				GENERATE_INFOPLIST_FILE = YES;
				IPHONEOS_DEPLOYMENT_TARGET = 17.0;
				MARKETING_VERSION = 1.0;
				PRODUCT_BUNDLE_IDENTIFIER = "tecmilenio.LOGIN-2Tests";
				PRODUCT_NAME = "$(TARGET_NAME)";
				SWIFT_EMIT_LOC_STRINGS = NO;
				SWIFT_VERSION = 5.0;
				TARGETED_DEVICE_FAMILY = "1,2";
				TEST_HOST = "$(BUILT_PRODUCTS_DIR)/LOGIN 2.app/$(BUNDLE_EXECUTABLE_FOLDER_PATH)/LOGIN 2";
			};
			name = Release;
		};
		FB59342C2D432DBF00AF9DD3 /* Debug */ = {
			isa = XCBuildConfiguration;
			buildSettings = {
				ALWAYS_EMBED_SWIFT_STANDARD_LIBRARIES = YES;
				CODE_SIGN_STYLE = Automatic;
				CURRENT_PROJECT_VERSION = 1;
				GENERATE_INFOPLIST_FILE = YES;
				MARKETING_VERSION = 1.0;
				PRODUCT_BUNDLE_IDENTIFIER = "tecmilenio.LOGIN-2UITests";
				PRODUCT_NAME = "$(TARGET_NAME)";
				SWIFT_EMIT_LOC_STRINGS = NO;
				SWIFT_VERSION = 5.0;
				TARGETED_DEVICE_FAMILY = "1,2";
				TEST_TARGET_NAME = "LOGIN 2";
			};
			name = Debug;
		};
		FB59342D2D432DBF00AF9DD3 /* Release */ = {
			isa = XCBuildConfiguration;
			buildSettings = {
				ALWAYS_EMBED_SWIFT_STANDARD_LIBRARIES = YES;
				CODE_SIGN_STYLE = Automatic;
				CURRENT_PROJECT_VERSION = 1;
				GENERATE_INFOPLIST_FILE = YES;
				MARKETING_VERSION = 1.0;
				PRODUCT_BUNDLE_IDENTIFIER = "tecmilenio.LOGIN-2UITests";
				PRODUCT_NAME = "$(TARGET_NAME)";
				SWIFT_EMIT_LOC_STRINGS = NO;
				SWIFT_VERSION = 5.0;
				TARGETED_DEVICE_FAMILY = "1,2";
				TEST_TARGET_NAME = "LOGIN 2";
			};
			name = Release;
		};
/* End XCBuildConfiguration section */

/* Begin XCConfigurationList section */
		FB5933FC2D432DBD00AF9DD3 /* Build configuration list for PBXProject "LOGIN 2" */ = {
			isa = XCConfigurationList;
			buildConfigurations = (
				FB5934232D432DBF00AF9DD3 /* Debug */,
				FB5934242D432DBF00AF9DD3 /* Release */,
			);
			defaultConfigurationIsVisible = 0;
			defaultConfigurationName = Release;
		};
		FB5934252D432DBF00AF9DD3 /* Build configuration list for PBXNativeTarget "LOGIN 2" */ = {
			isa = XCConfigurationList;
			buildConfigurations = (
				FB5934262D432DBF00AF9DD3 /* Debug */,
				FB5934272D432DBF00AF9DD3 /* Release */,
			);
			defaultConfigurationIsVisible = 0;
			defaultConfigurationName = Release;
		};
		FB5934282D432DBF00AF9DD3 /* Build configuration list for PBXNativeTarget "LOGIN 2Tests" */ = {
			isa = XCConfigurationList;
			buildConfigurations = (
				FB5934292D432DBF00AF9DD3 /* Debug */,
				FB59342A2D432DBF00AF9DD3 /* Release */,
			);
			defaultConfigurationIsVisible = 0;
			defaultConfigurationName = Release;
		};
		FB59342B2D432DBF00AF9DD3 /* Build configuration list for PBXNativeTarget "LOGIN 2UITests" */ = {
			isa = XCConfigurationList;
			buildConfigurations = (
				FB59342C2D432DBF00AF9DD3 /* Debug */,
				FB59342D2D432DBF00AF9DD3 /* Release */,
			);
			defaultConfigurationIsVisible = 0;
			defaultConfigurationName = Release;
		};
/* End XCConfigurationList section */
	};
	rootObject = FB5933F92D432DBD00AF9DD3 /* Project object */;
}
