// !$*UTF8*$!
{
	archiveVersion = 1;
	classes = {
	};
	objectVersion = 56;
	objects = {

/* Begin PBXBuildFile section */
		FBD00A932D55AFF100EB67E5 /* wEATHERApp.swift in Sources */ = {isa = PBXBuildFile; fileRef = FBD00A922D55AFF100EB67E5 /* wEATHERApp.swift */; };
		FBD00A952D55AFF100EB67E5 /* ContentView.swift in Sources */ = {isa = PBXBuildFile; fileRef = FBD00A942D55AFF100EB67E5 /* ContentView.swift */; };
		FBD00A972D55AFFD00EB67E5 /* Assets.xcassets in Resources */ = {isa = PBXBuildFile; fileRef = FBD00A962D55AFFD00EB67E5 /* Assets.xcassets */; };
		FBD00A9A2D55AFFD00EB67E5 /* Preview Assets.xcassets in Resources */ = {isa = PBXBuildFile; fileRef = FBD00A992D55AFFD00EB67E5 /* Preview Assets.xcassets */; };
		FBD00AA42D55AFFD00EB67E5 /* wEATHERTests.swift in Sources */ = {isa = PBXBuildFile; fileRef = FBD00AA32D55AFFD00EB67E5 /* wEATHERTests.swift */; };
		FBD00AAE2D55AFFD00EB67E5 /* wEATHERUITests.swift in Sources */ = {isa = PBXBuildFile; fileRef = FBD00AAD2D55AFFD00EB67E5 /* wEATHERUITests.swift */; };
		FBD00AB02D55AFFD00EB67E5 /* wEATHERUITestsLaunchTests.swift in Sources */ = {isa = PBXBuildFile; fileRef = FBD00AAF2D55AFFD00EB67E5 /* wEATHERUITestsLaunchTests.swift */; };
/* End PBXBuildFile section */

/* Begin PBXContainerItemProxy section */
		FBD00AA02D55AFFD00EB67E5 /* PBXContainerItemProxy */ = {
			isa = PBXContainerItemProxy;
			containerPortal = FBD00A872D55AFF100EB67E5 /* Project object */;
			proxyType = 1;
			remoteGlobalIDString = FBD00A8E2D55AFF100EB67E5;
			remoteInfo = wEATHER;
		};
		FBD00AAA2D55AFFD00EB67E5 /* PBXContainerItemProxy */ = {
			isa = PBXContainerItemProxy;
			containerPortal = FBD00A872D55AFF100EB67E5 /* Project object */;
			proxyType = 1;
			remoteGlobalIDString = FBD00A8E2D55AFF100EB67E5;
			remoteInfo = wEATHER;
		};
/* End PBXContainerItemProxy section */

/* Begin PBXFileReference section */
		FBD00A8F2D55AFF100EB67E5 /* wEATHER.app */ = {isa = PBXFileReference; explicitFileType = wrapper.application; includeInIndex = 0; path = wEATHER.app; sourceTree = BUILT_PRODUCTS_DIR; };
		FBD00A922D55AFF100EB67E5 /* wEATHERApp.swift */ = {isa = PBXFileReference; lastKnownFileType = sourcecode.swift; path = wEATHERApp.swift; sourceTree = "<group>"; };
		FBD00A942D55AFF100EB67E5 /* ContentView.swift */ = {isa = PBXFileReference; lastKnownFileType = sourcecode.swift; path = ContentView.swift; sourceTree = "<group>"; };
		FBD00A962D55AFFD00EB67E5 /* Assets.xcassets */ = {isa = PBXFileReference; lastKnownFileType = folder.assetcatalog; path = Assets.xcassets; sourceTree = "<group>"; };
		FBD00A992D55AFFD00EB67E5 /* Preview Assets.xcassets */ = {isa = PBXFileReference; lastKnownFileType = folder.assetcatalog; path = "Preview Assets.xcassets"; sourceTree = "<group>"; };
		FBD00A9F2D55AFFD00EB67E5 /* wEATHERTests.xctest */ = {isa = PBXFileReference; explicitFileType = wrapper.cfbundle; includeInIndex = 0; path = wEATHERTests.xctest; sourceTree = BUILT_PRODUCTS_DIR; };
		FBD00AA32D55AFFD00EB67E5 /* wEATHERTests.swift */ = {isa = PBXFileReference; lastKnownFileType = sourcecode.swift; path = wEATHERTests.swift; sourceTree = "<group>"; };
		FBD00AA92D55AFFD00EB67E5 /* wEATHERUITests.xctest */ = {isa = PBXFileReference; explicitFileType = wrapper.cfbundle; includeInIndex = 0; path = wEATHERUITests.xctest; sourceTree = BUILT_PRODUCTS_DIR; };
		FBD00AAD2D55AFFD00EB67E5 /* wEATHERUITests.swift */ = {isa = PBXFileReference; lastKnownFileType = sourcecode.swift; path = wEATHERUITests.swift; sourceTree = "<group>"; };
		FBD00AAF2D55AFFD00EB67E5 /* wEATHERUITestsLaunchTests.swift */ = {isa = PBXFileReference; lastKnownFileType = sourcecode.swift; path = wEATHERUITestsLaunchTests.swift; sourceTree = "<group>"; };
/* End PBXFileReference section */

/* Begin PBXFrameworksBuildPhase section */
		FBD00A8C2D55AFF100EB67E5 /* Frameworks */ = {
			isa = PBXFrameworksBuildPhase;
			buildActionMask = 2147483647;
			files = (
			);
			runOnlyForDeploymentPostprocessing = 0;
		};
		FBD00A9C2D55AFFD00EB67E5 /* Frameworks */ = {
			isa = PBXFrameworksBuildPhase;
			buildActionMask = 2147483647;
			files = (
			);
			runOnlyForDeploymentPostprocessing = 0;
		};
		FBD00AA62D55AFFD00EB67E5 /* Frameworks */ = {
			isa = PBXFrameworksBuildPhase;
			buildActionMask = 2147483647;
			files = (
			);
			runOnlyForDeploymentPostprocessing = 0;
		};
/* End PBXFrameworksBuildPhase section */

/* Begin PBXGroup section */
		FBD00A862D55AFF100EB67E5 = {
			isa = PBXGroup;
			children = (
				FBD00A912D55AFF100EB67E5 /* wEATHER */,
				FBD00AA22D55AFFD00EB67E5 /* wEATHERTests */,
				FBD00AAC2D55AFFD00EB67E5 /* wEATHERUITests */,
				FBD00A902D55AFF100EB67E5 /* Products */,
			);
			sourceTree = "<group>";
		};
		FBD00A902D55AFF100EB67E5 /* Products */ = {
			isa = PBXGroup;
			children = (
				FBD00A8F2D55AFF100EB67E5 /* wEATHER.app */,
				FBD00A9F2D55AFFD00EB67E5 /* wEATHERTests.xctest */,
				FBD00AA92D55AFFD00EB67E5 /* wEATHERUITests.xctest */,
			);
			name = Products;
			sourceTree = "<group>";
		};
		FBD00A912D55AFF100EB67E5 /* wEATHER */ = {
			isa = PBXGroup;
			children = (
				FBD00A922D55AFF100EB67E5 /* wEATHERApp.swift */,
				FBD00A942D55AFF100EB67E5 /* ContentView.swift */,
				FBD00A962D55AFFD00EB67E5 /* Assets.xcassets */,
				FBD00A982D55AFFD00EB67E5 /* Preview Content */,
			);
			path = wEATHER;
			sourceTree = "<group>";
		};
		FBD00A982D55AFFD00EB67E5 /* Preview Content */ = {
			isa = PBXGroup;
			children = (
				FBD00A992D55AFFD00EB67E5 /* Preview Assets.xcassets */,
			);
			path = "Preview Content";
			sourceTree = "<group>";
		};
		FBD00AA22D55AFFD00EB67E5 /* wEATHERTests */ = {
			isa = PBXGroup;
			children = (
				FBD00AA32D55AFFD00EB67E5 /* wEATHERTests.swift */,
			);
			path = wEATHERTests;
			sourceTree = "<group>";
		};
		FBD00AAC2D55AFFD00EB67E5 /* wEATHERUITests */ = {
			isa = PBXGroup;
			children = (
				FBD00AAD2D55AFFD00EB67E5 /* wEATHERUITests.swift */,
				FBD00AAF2D55AFFD00EB67E5 /* wEATHERUITestsLaunchTests.swift */,
			);
			path = wEATHERUITests;
			sourceTree = "<group>";
		};
/* End PBXGroup section */

/* Begin PBXNativeTarget section */
		FBD00A8E2D55AFF100EB67E5 /* wEATHER */ = {
			isa = PBXNativeTarget;
			buildConfigurationList = FBD00AB32D55AFFD00EB67E5 /* Build configuration list for PBXNativeTarget "wEATHER" */;
			buildPhases = (
				FBD00A8B2D55AFF100EB67E5 /* Sources */,
				FBD00A8C2D55AFF100EB67E5 /* Frameworks */,
				FBD00A8D2D55AFF100EB67E5 /* Resources */,
			);
			buildRules = (
			);
			dependencies = (
			);
			name = wEATHER;
			productName = wEATHER;
			productReference = FBD00A8F2D55AFF100EB67E5 /* wEATHER.app */;
			productType = "com.apple.product-type.application";
		};
		FBD00A9E2D55AFFD00EB67E5 /* wEATHERTests */ = {
			isa = PBXNativeTarget;
			buildConfigurationList = FBD00AB62D55AFFD00EB67E5 /* Build configuration list for PBXNativeTarget "wEATHERTests" */;
			buildPhases = (
				FBD00A9B2D55AFFD00EB67E5 /* Sources */,
				FBD00A9C2D55AFFD00EB67E5 /* Frameworks */,
				FBD00A9D2D55AFFD00EB67E5 /* Resources */,
			);
			buildRules = (
			);
			dependencies = (
				FBD00AA12D55AFFD00EB67E5 /* PBXTargetDependency */,
			);
			name = wEATHERTests;
			productName = wEATHERTests;
			productReference = FBD00A9F2D55AFFD00EB67E5 /* wEATHERTests.xctest */;
			productType = "com.apple.product-type.bundle.unit-test";
		};
		FBD00AA82D55AFFD00EB67E5 /* wEATHERUITests */ = {
			isa = PBXNativeTarget;
			buildConfigurationList = FBD00AB92D55AFFD00EB67E5 /* Build configuration list for PBXNativeTarget "wEATHERUITests" */;
			buildPhases = (
				FBD00AA52D55AFFD00EB67E5 /* Sources */,
				FBD00AA62D55AFFD00EB67E5 /* Frameworks */,
				FBD00AA72D55AFFD00EB67E5 /* Resources */,
			);
			buildRules = (
			);
			dependencies = (
				FBD00AAB2D55AFFD00EB67E5 /* PBXTargetDependency */,
			);
			name = wEATHERUITests;
			productName = wEATHERUITests;
			productReference = FBD00AA92D55AFFD00EB67E5 /* wEATHERUITests.xctest */;
			productType = "com.apple.product-type.bundle.ui-testing";
		};
/* End PBXNativeTarget section */

/* Begin PBXProject section */
		FBD00A872D55AFF100EB67E5 /* Project object */ = {
			isa = PBXProject;
			attributes = {
				BuildIndependentTargetsInParallel = 1;
				LastSwiftUpdateCheck = 1500;
				LastUpgradeCheck = 1500;
				TargetAttributes = {
					FBD00A8E2D55AFF100EB67E5 = {
						CreatedOnToolsVersion = 15.0.1;
					};
					FBD00A9E2D55AFFD00EB67E5 = {
						CreatedOnToolsVersion = 15.0.1;
						TestTargetID = FBD00A8E2D55AFF100EB67E5;
					};
					FBD00AA82D55AFFD00EB67E5 = {
						CreatedOnToolsVersion = 15.0.1;
						TestTargetID = FBD00A8E2D55AFF100EB67E5;
					};
				};
			};
			buildConfigurationList = FBD00A8A2D55AFF100EB67E5 /* Build configuration list for PBXProject "wEATHER" */;
			compatibilityVersion = "Xcode 14.0";
			developmentRegion = en;
			hasScannedForEncodings = 0;
			knownRegions = (
				en,
				Base,
			);
			mainGroup = FBD00A862D55AFF100EB67E5;
			productRefGroup = FBD00A902D55AFF100EB67E5 /* Products */;
			projectDirPath = "";
			projectRoot = "";
			targets = (
				FBD00A8E2D55AFF100EB67E5 /* wEATHER */,
				FBD00A9E2D55AFFD00EB67E5 /* wEATHERTests */,
				FBD00AA82D55AFFD00EB67E5 /* wEATHERUITests */,
			);
		};
/* End PBXProject section */

/* Begin PBXResourcesBuildPhase section */
		FBD00A8D2D55AFF100EB67E5 /* Resources */ = {
			isa = PBXResourcesBuildPhase;
			buildActionMask = 2147483647;
			files = (
				FBD00A9A2D55AFFD00EB67E5 /* Preview Assets.xcassets in Resources */,
				FBD00A972D55AFFD00EB67E5 /* Assets.xcassets in Resources */,
			);
			runOnlyForDeploymentPostprocessing = 0;
		};
		FBD00A9D2D55AFFD00EB67E5 /* Resources */ = {
			isa = PBXResourcesBuildPhase;
			buildActionMask = 2147483647;
			files = (
			);
			runOnlyForDeploymentPostprocessing = 0;
		};
		FBD00AA72D55AFFD00EB67E5 /* Resources */ = {
			isa = PBXResourcesBuildPhase;
			buildActionMask = 2147483647;
			files = (
			);
			runOnlyForDeploymentPostprocessing = 0;
		};
/* End PBXResourcesBuildPhase section */

/* Begin PBXSourcesBuildPhase section */
		FBD00A8B2D55AFF100EB67E5 /* Sources */ = {
			isa = PBXSourcesBuildPhase;
			buildActionMask = 2147483647;
			files = (
				FBD00A952D55AFF100EB67E5 /* ContentView.swift in Sources */,
				FBD00A932D55AFF100EB67E5 /* wEATHERApp.swift in Sources */,
			);
			runOnlyForDeploymentPostprocessing = 0;
		};
		FBD00A9B2D55AFFD00EB67E5 /* Sources */ = {
			isa = PBXSourcesBuildPhase;
			buildActionMask = 2147483647;
			files = (
				FBD00AA42D55AFFD00EB67E5 /* wEATHERTests.swift in Sources */,
			);
			runOnlyForDeploymentPostprocessing = 0;
		};
		FBD00AA52D55AFFD00EB67E5 /* Sources */ = {
			isa = PBXSourcesBuildPhase;
			buildActionMask = 2147483647;
			files = (
				FBD00AAE2D55AFFD00EB67E5 /* wEATHERUITests.swift in Sources */,
				FBD00AB02D55AFFD00EB67E5 /* wEATHERUITestsLaunchTests.swift in Sources */,
			);
			runOnlyForDeploymentPostprocessing = 0;
		};
/* End PBXSourcesBuildPhase section */

/* Begin PBXTargetDependency section */
		FBD00AA12D55AFFD00EB67E5 /* PBXTargetDependency */ = {
			isa = PBXTargetDependency;
			target = FBD00A8E2D55AFF100EB67E5 /* wEATHER */;
			targetProxy = FBD00AA02D55AFFD00EB67E5 /* PBXContainerItemProxy */;
		};
		FBD00AAB2D55AFFD00EB67E5 /* PBXTargetDependency */ = {
			isa = PBXTargetDependency;
			target = FBD00A8E2D55AFF100EB67E5 /* wEATHER */;
			targetProxy = FBD00AAA2D55AFFD00EB67E5 /* PBXContainerItemProxy */;
		};
/* End PBXTargetDependency section */

/* Begin XCBuildConfiguration section */
		FBD00AB12D55AFFD00EB67E5 /* Debug */ = {
			isa = XCBuildConfiguration;
			buildSettings = {
				ALWAYS_SEARCH_USER_PATHS = NO;
				ASSETCATALOG_COMPILER_GENERATE_SWIFT_ASSET_SYMBOL_EXTENSIONS = YES;
				CLANG_ANALYZER_NONNULL = YES;
				CLANG_ANALYZER_NUMBER_OBJECT_CONVERSION = YES_AGGRESSIVE;
				CLANG_CXX_LANGUAGE_STANDARD = "gnu++20";
				CLANG_ENABLE_MODULES = YES;
				CLANG_ENABLE_OBJC_ARC = YES;
				CLANG_ENABLE_OBJC_WEAK = YES;
				CLANG_WARN_BLOCK_CAPTURE_AUTORELEASING = YES;
				CLANG_WARN_BOOL_CONVERSION = YES;
				CLANG_WARN_COMMA = YES;
				CLANG_WARN_CONSTANT_CONVERSION = YES;
				CLANG_WARN_DEPRECATED_OBJC_IMPLEMENTATIONS = YES;
				CLANG_WARN_DIRECT_OBJC_ISA_USAGE = YES_ERROR;
				CLANG_WARN_DOCUMENTATION_COMMENTS = YES;
				CLANG_WARN_EMPTY_BODY = YES;
				CLANG_WARN_ENUM_CONVERSION = YES;
				CLANG_WARN_INFINITE_RECURSION = YES;
				CLANG_WARN_INT_CONVERSION = YES;
				CLANG_WARN_NON_LITERAL_NULL_CONVERSION = YES;
				CLANG_WARN_OBJC_IMPLICIT_RETAIN_SELF = YES;
				CLANG_WARN_OBJC_LITERAL_CONVERSION = YES;
				CLANG_WARN_OBJC_ROOT_CLASS = YES_ERROR;
				CLANG_WARN_QUOTED_INCLUDE_IN_FRAMEWORK_HEADER = YES;
				CLANG_WARN_RANGE_LOOP_ANALYSIS = YES;
				CLANG_WARN_STRICT_PROTOTYPES = YES;
				CLANG_WARN_SUSPICIOUS_MOVE = YES;
				CLANG_WARN_UNGUARDED_AVAILABILITY = YES_AGGRESSIVE;
				CLANG_WARN_UNREACHABLE_CODE = YES;
				CLANG_WARN__DUPLICATE_METHOD_MATCH = YES;
				COPY_PHASE_STRIP = NO;
				DEBUG_INFORMATION_FORMAT = dwarf;
				ENABLE_STRICT_OBJC_MSGSEND = YES;
				ENABLE_TESTABILITY = YES;
				ENABLE_USER_SCRIPT_SANDBOXING = YES;
				GCC_C_LANGUAGE_STANDARD = gnu17;
				GCC_DYNAMIC_NO_PIC = NO;
				GCC_NO_COMMON_BLOCKS = YES;
				GCC_OPTIMIZATION_LEVEL = 0;
				GCC_PREPROCESSOR_DEFINITIONS = (
					"DEBUG=1",
					"$(inherited)",
				);
				GCC_WARN_64_TO_32_BIT_CONVERSION = YES;
				GCC_WARN_ABOUT_RETURN_TYPE = YES_ERROR;
				GCC_WARN_UNDECLARED_SELECTOR = YES;
				GCC_WARN_UNINITIALIZED_AUTOS = YES_AGGRESSIVE;
				GCC_WARN_UNUSED_FUNCTION = YES;
				GCC_WARN_UNUSED_VARIABLE = YES;
				IPHONEOS_DEPLOYMENT_TARGET = 17.0;
				LOCALIZATION_PREFERS_STRING_CATALOGS = YES;
				MTL_ENABLE_DEBUG_INFO = INCLUDE_SOURCE;
				MTL_FAST_MATH = YES;
				ONLY_ACTIVE_ARCH = YES;
				SDKROOT = iphoneos;
				SWIFT_ACTIVE_COMPILATION_CONDITIONS = "DEBUG $(inherited)";
				SWIFT_OPTIMIZATION_LEVEL = "-Onone";
			};
			name = Debug;
		};
		FBD00AB22D55AFFD00EB67E5 /* Release */ = {
			isa = XCBuildConfiguration;
			buildSettings = {
				ALWAYS_SEARCH_USER_PATHS = NO;
				ASSETCATALOG_COMPILER_GENERATE_SWIFT_ASSET_SYMBOL_EXTENSIONS = YES;
				CLANG_ANALYZER_NONNULL = YES;
				CLANG_ANALYZER_NUMBER_OBJECT_CONVERSION = YES_AGGRESSIVE;
				CLANG_CXX_LANGUAGE_STANDARD = "gnu++20";
				CLANG_ENABLE_MODULES = YES;
				CLANG_ENABLE_OBJC_ARC = YES;
				CLANG_ENABLE_OBJC_WEAK = YES;
				CLANG_WARN_BLOCK_CAPTURE_AUTORELEASING = YES;
				CLANG_WARN_BOOL_CONVERSION = YES;
				CLANG_WARN_COMMA = YES;
				CLANG_WARN_CONSTANT_CONVERSION = YES;
				CLANG_WARN_DEPRECATED_OBJC_IMPLEMENTATIONS = YES;
				CLANG_WARN_DIRECT_OBJC_ISA_USAGE = YES_ERROR;
				CLANG_WARN_DOCUMENTATION_COMMENTS = YES;
				CLANG_WARN_EMPTY_BODY = YES;
				CLANG_WARN_ENUM_CONVERSION = YES;
				CLANG_WARN_INFINITE_RECURSION = YES;
				CLANG_WARN_INT_CONVERSION = YES;
				CLANG_WARN_NON_LITERAL_NULL_CONVERSION = YES;
				CLANG_WARN_OBJC_IMPLICIT_RETAIN_SELF = YES;
				CLANG_WARN_OBJC_LITERAL_CONVERSION = YES;
				CLANG_WARN_OBJC_ROOT_CLASS = YES_ERROR;
				CLANG_WARN_QUOTED_INCLUDE_IN_FRAMEWORK_HEADER = YES;
				CLANG_WARN_RANGE_LOOP_ANALYSIS = YES;
				CLANG_WARN_STRICT_PROTOTYPES = YES;
				CLANG_WARN_SUSPICIOUS_MOVE = YES;
				CLANG_WARN_UNGUARDED_AVAILABILITY = YES_AGGRESSIVE;
				CLANG_WARN_UNREACHABLE_CODE = YES;
				CLANG_WARN__DUPLICATE_METHOD_MATCH = YES;
				COPY_PHASE_STRIP = NO;
				DEBUG_INFORMATION_FORMAT = "dwarf-with-dsym";
				ENABLE_NS_ASSERTIONS = NO;
				ENABLE_STRICT_OBJC_MSGSEND = YES;
				ENABLE_USER_SCRIPT_SANDBOXING = YES;
				GCC_C_LANGUAGE_STANDARD = gnu17;
				GCC_NO_COMMON_BLOCKS = YES;
				GCC_WARN_64_TO_32_BIT_CONVERSION = YES;
				GCC_WARN_ABOUT_RETURN_TYPE = YES_ERROR;
				GCC_WARN_UNDECLARED_SELECTOR = YES;
				GCC_WARN_UNINITIALIZED_AUTOS = YES_AGGRESSIVE;
				GCC_WARN_UNUSED_FUNCTION = YES;
				GCC_WARN_UNUSED_VARIABLE = YES;
				IPHONEOS_DEPLOYMENT_TARGET = 17.0;
				LOCALIZATION_PREFERS_STRING_CATALOGS = YES;
				MTL_ENABLE_DEBUG_INFO = NO;
				MTL_FAST_MATH = YES;
				SDKROOT = iphoneos;
				SWIFT_COMPILATION_MODE = wholemodule;
				VALIDATE_PRODUCT = YES;
			};
			name = Release;
		};
		FBD00AB42D55AFFD00EB67E5 /* Debug */ = {
			isa = XCBuildConfiguration;
			buildSettings = {
				ASSETCATALOG_COMPILER_APPICON_NAME = AppIcon;
				ASSETCATALOG_COMPILER_GLOBAL_ACCENT_COLOR_NAME = AccentColor;
				CODE_SIGN_STYLE = Automatic;
				CURRENT_PROJECT_VERSION = 1;
				DEVELOPMENT_ASSET_PATHS = "\"wEATHER/Preview Content\"";
				ENABLE_PREVIEWS = YES;
				GENERATE_INFOPLIST_FILE = YES;
				INFOPLIST_KEY_UIApplicationSceneManifest_Generation = YES;
				INFOPLIST_KEY_UIApplicationSupportsIndirectInputEvents = YES;
				INFOPLIST_KEY_UILaunchScreen_Generation = YES;
				INFOPLIST_KEY_UISupportedInterfaceOrientations_iPad = "UIInterfaceOrientationPortrait UIInterfaceOrientationPortraitUpsideDown UIInterfaceOrientationLandscapeLeft UIInterfaceOrientationLandscapeRight";
				INFOPLIST_KEY_UISupportedInterfaceOrientations_iPhone = "UIInterfaceOrientationPortrait UIInterfaceOrientationLandscapeLeft UIInterfaceOrientationLandscapeRight";
				LD_RUNPATH_SEARCH_PATHS = (
					"$(inherited)",
					"@executable_path/Frameworks",
				);
				MARKETING_VERSION = 1.0;
				PRODUCT_BUNDLE_IDENTIFIER = tecmilenio.wEATHER;
				PRODUCT_NAME = "$(TARGET_NAME)";
				SWIFT_EMIT_LOC_STRINGS = YES;
				SWIFT_VERSION = 5.0;
				TARGETED_DEVICE_FAMILY = "1,2";
			};
			name = Debug;
		};
		FBD00AB52D55AFFD00EB67E5 /* Release */ = {
			isa = XCBuildConfiguration;
			buildSettings = {
				ASSETCATALOG_COMPILER_APPICON_NAME = AppIcon;
				ASSETCATALOG_COMPILER_GLOBAL_ACCENT_COLOR_NAME = AccentColor;
				CODE_SIGN_STYLE = Automatic;
				CURRENT_PROJECT_VERSION = 1;
				DEVELOPMENT_ASSET_PATHS = "\"wEATHER/Preview Content\"";
				ENABLE_PREVIEWS = YES;
				GENERATE_INFOPLIST_FILE = YES;
				INFOPLIST_KEY_UIApplicationSceneManifest_Generation = YES;
				INFOPLIST_KEY_UIApplicationSupportsIndirectInputEvents = YES;
				INFOPLIST_KEY_UILaunchScreen_Generation = YES;
				INFOPLIST_KEY_UISupportedInterfaceOrientations_iPad = "UIInterfaceOrientationPortrait UIInterfaceOrientationPortraitUpsideDown UIInterfaceOrientationLandscapeLeft UIInterfaceOrientationLandscapeRight";
				INFOPLIST_KEY_UISupportedInterfaceOrientations_iPhone = "UIInterfaceOrientationPortrait UIInterfaceOrientationLandscapeLeft UIInterfaceOrientationLandscapeRight";
				LD_RUNPATH_SEARCH_PATHS = (
					"$(inherited)",
					"@executable_path/Frameworks",
				);
				MARKETING_VERSION = 1.0;
				PRODUCT_BUNDLE_IDENTIFIER = tecmilenio.wEATHER;
				PRODUCT_NAME = "$(TARGET_NAME)";
				SWIFT_EMIT_LOC_STRINGS = YES;
				SWIFT_VERSION = 5.0;
				TARGETED_DEVICE_FAMILY = "1,2";
			};
			name = Release;
		};
		FBD00AB72D55AFFD00EB67E5 /* Debug */ = {
			isa = XCBuildConfiguration;
			buildSettings = {
				ALWAYS_EMBED_SWIFT_STANDARD_LIBRARIES = YES;
				BUNDLE_LOADER = "$(TEST_HOST)";
				CODE_SIGN_STYLE = Automatic;
				CURRENT_PROJECT_VERSION = 1;
				GENERATE_INFOPLIST_FILE = YES;
				IPHONEOS_DEPLOYMENT_TARGET = 17.0;
				MARKETING_VERSION = 1.0;
				PRODUCT_BUNDLE_IDENTIFIER = tecmilenio.wEATHERTests;
				PRODUCT_NAME = "$(TARGET_NAME)";
				SWIFT_EMIT_LOC_STRINGS = NO;
				SWIFT_VERSION = 5.0;
				TARGETED_DEVICE_FAMILY = "1,2";
				TEST_HOST = "$(BUILT_PRODUCTS_DIR)/wEATHER.app/$(BUNDLE_EXECUTABLE_FOLDER_PATH)/wEATHER";
			};
			name = Debug;
		};
		FBD00AB82D55AFFD00EB67E5 /* Release */ = {
			isa = XCBuildConfiguration;
			buildSettings = {
				ALWAYS_EMBED_SWIFT_STANDARD_LIBRARIES = YES;
				BUNDLE_LOADER = "$(TEST_HOST)";
				CODE_SIGN_STYLE = Automatic;
				CURRENT_PROJECT_VERSION = 1;
				GENERATE_INFOPLIST_FILE = YES;
				IPHONEOS_DEPLOYMENT_TARGET = 17.0;
				MARKETING_VERSION = 1.0;
				PRODUCT_BUNDLE_IDENTIFIER = tecmilenio.wEATHERTests;
				PRODUCT_NAME = "$(TARGET_NAME)";
				SWIFT_EMIT_LOC_STRINGS = NO;
				SWIFT_VERSION = 5.0;
				TARGETED_DEVICE_FAMILY = "1,2";
				TEST_HOST = "$(BUILT_PRODUCTS_DIR)/wEATHER.app/$(BUNDLE_EXECUTABLE_FOLDER_PATH)/wEATHER";
			};
			name = Release;
		};
		FBD00ABA2D55AFFD00EB67E5 /* Debug */ = {
			isa = XCBuildConfiguration;
			buildSettings = {
				ALWAYS_EMBED_SWIFT_STANDARD_LIBRARIES = YES;
				CODE_SIGN_STYLE = Automatic;
				CURRENT_PROJECT_VERSION = 1;
				GENERATE_INFOPLIST_FILE = YES;
				MARKETING_VERSION = 1.0;
				PRODUCT_BUNDLE_IDENTIFIER = tecmilenio.wEATHERUITests;
				PRODUCT_NAME = "$(TARGET_NAME)";
				SWIFT_EMIT_LOC_STRINGS = NO;
				SWIFT_VERSION = 5.0;
				TARGETED_DEVICE_FAMILY = "1,2";
				TEST_TARGET_NAME = wEATHER;
			};
			name = Debug;
		};
		FBD00ABB2D55AFFD00EB67E5 /* Release */ = {
			isa = XCBuildConfiguration;
			buildSettings = {
				ALWAYS_EMBED_SWIFT_STANDARD_LIBRARIES = YES;
				CODE_SIGN_STYLE = Automatic;
				CURRENT_PROJECT_VERSION = 1;
				GENERATE_INFOPLIST_FILE = YES;
				MARKETING_VERSION = 1.0;
				PRODUCT_BUNDLE_IDENTIFIER = tecmilenio.wEATHERUITests;
				PRODUCT_NAME = "$(TARGET_NAME)";
				SWIFT_EMIT_LOC_STRINGS = NO;
				SWIFT_VERSION = 5.0;
				TARGETED_DEVICE_FAMILY = "1,2";
				TEST_TARGET_NAME = wEATHER;
			};
			name = Release;
		};
/* End XCBuildConfiguration section */

/* Begin XCConfigurationList section */
		FBD00A8A2D55AFF100EB67E5 /* Build configuration list for PBXProject "wEATHER" */ = {
			isa = XCConfigurationList;
			buildConfigurations = (
				FBD00AB12D55AFFD00EB67E5 /* Debug */,
				FBD00AB22D55AFFD00EB67E5 /* Release */,
			);
			defaultConfigurationIsVisible = 0;
			defaultConfigurationName = Release;
		};
		FBD00AB32D55AFFD00EB67E5 /* Build configuration list for PBXNativeTarget "wEATHER" */ = {
			isa = XCConfigurationList;
			buildConfigurations = (
				FBD00AB42D55AFFD00EB67E5 /* Debug */,
				FBD00AB52D55AFFD00EB67E5 /* Release */,
			);
			defaultConfigurationIsVisible = 0;
			defaultConfigurationName = Release;
		};
		FBD00AB62D55AFFD00EB67E5 /* Build configuration list for PBXNativeTarget "wEATHERTests" */ = {
			isa = XCConfigurationList;
			buildConfigurations = (
				FBD00AB72D55AFFD00EB67E5 /* Debug */,
				FBD00AB82D55AFFD00EB67E5 /* Release */,
			);
			defaultConfigurationIsVisible = 0;
			defaultConfigurationName = Release;
		};
		FBD00AB92D55AFFD00EB67E5 /* Build configuration list for PBXNativeTarget "wEATHERUITests" */ = {
			isa = XCConfigurationList;
			buildConfigurations = (
				FBD00ABA2D55AFFD00EB67E5 /* Debug */,
				FBD00ABB2D55AFFD00EB67E5 /* Release */,
			);
			defaultConfigurationIsVisible = 0;
			defaultConfigurationName = Release;
		};
/* End XCConfigurationList section */
	};
	rootObject = FBD00A872D55AFF100EB67E5 /* Project object */;
}
